
Microsoft Visual Studio Solution File, Format Version 12.00
# Visual Studio 14
VisualStudioVersion = 14.0.25420.1
MinimumVisualStudioVersion = 10.0.40219.1
Project("{2150E333-8FDC-42A3-9474-1A3956D46DE8}") = "Solution Items", "Solution Items", "{68DC166D-565A-4F3D-B777-B8E384F26864}"
	ProjectSection(SolutionItems) = preProject
		LICENSE.md = LICENSE.md
		README.md = README.md
	EndProjectSection
EndProject
Project("{7CF6DF6D-3B04-46F8-A40B-537D21BCA0B4}") = "Documentation", "Documentation\Documentation.shfbproj", "{CE631E64-52BF-4527-99AD-1EAEB76550A8}"
	ProjectSection(ProjectDependencies) = postProject
		{9C5AABF7-D18F-4AFF-9283-26DC0B4EDF58} = {9C5AABF7-D18F-4AFF-9283-26DC0B4EDF58}
	EndProjectSection
EndProject
Project("{FAE04EC0-301F-11D3-BF4B-00C04F79EFBC}") = "C.math", "C.math\C.math.csproj", "{9C5AABF7-D18F-4AFF-9283-26DC0B4EDF58}"
EndProject
Project("{FAE04EC0-301F-11D3-BF4B-00C04F79EFBC}") = "C.math.UnitTests", "C.math.UnitTests\C.math.UnitTests.csproj", "{00734D2A-9EAF-486E-BC50-84E8864028EE}"
EndProject
Project("{2150E333-8FDC-42A3-9474-1A3956D46DE8}") = "docs", "docs", "{137CCC5F-17B1-4A54-AB2A-C5B18BF0A4AE}"
EndProject
Project("{2150E333-8FDC-42A3-9474-1A3956D46DE8}") = "Releases", "Releases", "{B2D03BD3-467B-493B-B1AB-1B628981529C}"
	ProjectSection(SolutionItems) = preProject
		docs\Releases\Documentation.chm = docs\Releases\Documentation.chm
	EndProjectSection
EndProject
Global
	GlobalSection(SolutionConfigurationPlatforms) = preSolution
		Debug|Any CPU = Debug|Any CPU
		Debug|ARM = Debug|ARM
		Debug|x64 = Debug|x64
		Debug|x86 = Debug|x86
		Release|Any CPU = Release|Any CPU
		Release|ARM = Release|ARM
		Release|x64 = Release|x64
		Release|x86 = Release|x86
	EndGlobalSection
	GlobalSection(ProjectConfigurationPlatforms) = postSolution
		{CE631E64-52BF-4527-99AD-1EAEB76550A8}.Debug|Any CPU.ActiveCfg = Debug|Any CPU
		{CE631E64-52BF-4527-99AD-1EAEB76550A8}.Debug|Any CPU.Build.0 = Debug|Any CPU
		{CE631E64-52BF-4527-99AD-1EAEB76550A8}.Debug|ARM.ActiveCfg = Debug|Any CPU
		{CE631E64-52BF-4527-99AD-1EAEB76550A8}.Debug|ARM.Build.0 = Debug|Any CPU
		{CE631E64-52BF-4527-99AD-1EAEB76550A8}.Debug|x64.ActiveCfg = Debug|Any CPU
		{CE631E64-52BF-4527-99AD-1EAEB76550A8}.Debug|x64.Build.0 = Debug|Any CPU
		{CE631E64-52BF-4527-99AD-1EAEB76550A8}.Debug|x86.ActiveCfg = Debug|Any CPU
		{CE631E64-52BF-4527-99AD-1EAEB76550A8}.Debug|x86.Build.0 = Debug|Any CPU
		{CE631E64-52BF-4527-99AD-1EAEB76550A8}.Release|Any CPU.ActiveCfg = Release|Any CPU
		{CE631E64-52BF-4527-99AD-1EAEB76550A8}.Release|Any CPU.Build.0 = Release|Any CPU
		{CE631E64-52BF-4527-99AD-1EAEB76550A8}.Release|ARM.ActiveCfg = Release|Any CPU
		{CE631E64-52BF-4527-99AD-1EAEB76550A8}.Release|ARM.Build.0 = Release|Any CPU
		{CE631E64-52BF-4527-99AD-1EAEB76550A8}.Release|x64.ActiveCfg = Release|Any CPU
		{CE631E64-52BF-4527-99AD-1EAEB76550A8}.Release|x64.Build.0 = Release|Any CPU
		{CE631E64-52BF-4527-99AD-1EAEB76550A8}.Release|x86.ActiveCfg = Release|Any CPU
		{CE631E64-52BF-4527-99AD-1EAEB76550A8}.Release|x86.Build.0 = Release|Any CPU
		{9C5AABF7-D18F-4AFF-9283-26DC0B4EDF58}.Debug|Any CPU.ActiveCfg = Debug|Any CPU
		{9C5AABF7-D18F-4AFF-9283-26DC0B4EDF58}.Debug|Any CPU.Build.0 = Debug|Any CPU
		{9C5AABF7-D18F-4AFF-9283-26DC0B4EDF58}.Debug|ARM.ActiveCfg = Debug|Any CPU
		{9C5AABF7-D18F-4AFF-9283-26DC0B4EDF58}.Debug|ARM.Build.0 = Debug|Any CPU
		{9C5AABF7-D18F-4AFF-9283-26DC0B4EDF58}.Debug|x64.ActiveCfg = Debug|Any CPU
		{9C5AABF7-D18F-4AFF-9283-26DC0B4EDF58}.Debug|x64.Build.0 = Debug|Any CPU
		{9C5AABF7-D18F-4AFF-9283-26DC0B4EDF58}.Debug|x86.ActiveCfg = Debug|Any CPU
		{9C5AABF7-D18F-4AFF-9283-26DC0B4EDF58}.Debug|x86.Build.0 = Debug|Any CPU
		{9C5AABF7-D18F-4AFF-9283-26DC0B4EDF58}.Release|Any CPU.ActiveCfg = Release|Any CPU
		{9C5AABF7-D18F-4AFF-9283-26DC0B4EDF58}.Release|Any CPU.Build.0 = Release|Any CPU
		{9C5AABF7-D18F-4AFF-9283-26DC0B4EDF58}.Release|ARM.ActiveCfg = Release|Any CPU
		{9C5AABF7-D18F-4AFF-9283-26DC0B4EDF58}.Release|ARM.Build.0 = Release|Any CPU
		{9C5AABF7-D18F-4AFF-9283-26DC0B4EDF58}.Release|x64.ActiveCfg = Release|Any CPU
		{9C5AABF7-D18F-4AFF-9283-26DC0B4EDF58}.Release|x64.Build.0 = Release|Any CPU
		{9C5AABF7-D18F-4AFF-9283-26DC0B4EDF58}.Release|x86.ActiveCfg = Release|Any CPU
		{9C5AABF7-D18F-4AFF-9283-26DC0B4EDF58}.Release|x86.Build.0 = Release|Any CPU
		{00734D2A-9EAF-486E-BC50-84E8864028EE}.Debug|Any CPU.ActiveCfg = Debug|Any CPU
		{00734D2A-9EAF-486E-BC50-84E8864028EE}.Debug|Any CPU.Build.0 = Debug|Any CPU
		{00734D2A-9EAF-486E-BC50-84E8864028EE}.Debug|ARM.ActiveCfg = Debug|Any CPU
		{00734D2A-9EAF-486E-BC50-84E8864028EE}.Debug|ARM.Build.0 = Debug|Any CPU
		{00734D2A-9EAF-486E-BC50-84E8864028EE}.Debug|x64.ActiveCfg = Debug|Any CPU
		{00734D2A-9EAF-486E-BC50-84E8864028EE}.Debug|x64.Build.0 = Debug|Any CPU
		{00734D2A-9EAF-486E-BC50-84E8864028EE}.Debug|x86.ActiveCfg = Debug|Any CPU
		{00734D2A-9EAF-486E-BC50-84E8864028EE}.Debug|x86.Build.0 = Debug|Any CPU
		{00734D2A-9EAF-486E-BC50-84E8864028EE}.Release|Any CPU.ActiveCfg = Release|Any CPU
		{00734D2A-9EAF-486E-BC50-84E8864028EE}.Release|Any CPU.Build.0 = Release|Any CPU
		{00734D2A-9EAF-486E-BC50-84E8864028EE}.Release|ARM.ActiveCfg = Release|Any CPU
		{00734D2A-9EAF-486E-BC50-84E8864028EE}.Release|ARM.Build.0 = Release|Any CPU
		{00734D2A-9EAF-486E-BC50-84E8864028EE}.Release|x64.ActiveCfg = Release|Any CPU
		{00734D2A-9EAF-486E-BC50-84E8864028EE}.Release|x64.Build.0 = Release|Any CPU
		{00734D2A-9EAF-486E-BC50-84E8864028EE}.Release|x86.ActiveCfg = Release|Any CPU
		{00734D2A-9EAF-486E-BC50-84E8864028EE}.Release|x86.Build.0 = Release|Any CPU
	EndGlobalSection
	GlobalSection(SolutionProperties) = preSolution
		HideSolutionNode = FALSE
	EndGlobalSection
	GlobalSection(NestedProjects) = preSolution
		{B2D03BD3-467B-493B-B1AB-1B628981529C} = {137CCC5F-17B1-4A54-AB2A-C5B18BF0A4AE}
	EndGlobalSection
EndGlobal
